
Microsoft Visual Studio Solution File, Format Version 12.00
# Visual Studio 15
VisualStudioVersion = 15.0.28307.960
MinimumVisualStudioVersion = 10.0.40219.1
Project("{FAE04EC0-301F-11D3-BF4B-00C04F79EFBC}") = "class Circle", "class Circle\class Circle.csproj", "{01D73AF2-4DDB-4CF4-9C2E-55CDB8F7E2AB}"
EndProject
Global
	GlobalSection(SolutionConfigurationPlatforms) = preSolution
		Debug|Any CPU = Debug|Any CPU
		Release|Any CPU = Release|Any CPU
	EndGlobalSection
	GlobalSection(ProjectConfigurationPlatforms) = postSolution
		{01D73AF2-4DDB-4CF4-9C2E-55CDB8F7E2AB}.Debug|Any CPU.ActiveCfg = Debug|Any CPU
		{01D73AF2-4DDB-4CF4-9C2E-55CDB8F7E2AB}.Debug|Any CPU.Build.0 = Debug|Any CPU
		{01D73AF2-4DDB-4CF4-9C2E-55CDB8F7E2AB}.Release|Any CPU.ActiveCfg = Release|Any CPU
		{01D73AF2-4DDB-4CF4-9C2E-55CDB8F7E2AB}.Release|Any CPU.Build.0 = Release|Any CPU
	EndGlobalSection
	GlobalSection(SolutionProperties) = preSolution
		HideSolutionNode = FALSE
	EndGlobalSection
	GlobalSection(ExtensibilityGlobals) = postSolution
		SolutionGuid = {7CEDA4E4-AEF0-4E01-92FB-8D7F92F45406}
	EndGlobalSection
EndGlobal
