
Microsoft Visual Studio Solution File, Format Version 12.00
# Visual Studio 15
VisualStudioVersion = 15.0.28307.960
MinimumVisualStudioVersion = 10.0.40219.1
Project("{FAE04EC0-301F-11D3-BF4B-00C04F79EFBC}") = "18.نمایش بزرگترین معدل", "18.نمایش بزرگترین معدل\18.نمایش بزرگترین معدل.csproj", "{6B374714-BBD0-4DAB-944E-8139F8757583}"
EndProject
Global
	GlobalSection(SolutionConfigurationPlatforms) = preSolution
		Debug|Any CPU = Debug|Any CPU
		Release|Any CPU = Release|Any CPU
	EndGlobalSection
	GlobalSection(ProjectConfigurationPlatforms) = postSolution
		{6B374714-BBD0-4DAB-944E-8139F8757583}.Debug|Any CPU.ActiveCfg = Debug|Any CPU
		{6B374714-BBD0-4DAB-944E-8139F8757583}.Debug|Any CPU.Build.0 = Debug|Any CPU
		{6B374714-BBD0-4DAB-944E-8139F8757583}.Release|Any CPU.ActiveCfg = Release|Any CPU
		{6B374714-BBD0-4DAB-944E-8139F8757583}.Release|Any CPU.Build.0 = Release|Any CPU
	EndGlobalSection
	GlobalSection(SolutionProperties) = preSolution
		HideSolutionNode = FALSE
	EndGlobalSection
	GlobalSection(ExtensibilityGlobals) = postSolution
		SolutionGuid = {758778ED-2512-4B97-92AC-3D153A75225C}
	EndGlobalSection
EndGlobal
