
Microsoft Visual Studio Solution File, Format Version 12.00
# Visual Studio 15
VisualStudioVersion = 15.0.28307.960
MinimumVisualStudioVersion = 10.0.40219.1
Project("{FAE04EC0-301F-11D3-BF4B-00C04F79EFBC}") = "project-test01", "project-test01\project-test01.csproj", "{640F8623-B4FF-4AFB-87AF-0D3BF98D4B5D}"
EndProject
Global
	GlobalSection(SolutionConfigurationPlatforms) = preSolution
		Debug|Any CPU = Debug|Any CPU
		Release|Any CPU = Release|Any CPU
	EndGlobalSection
	GlobalSection(ProjectConfigurationPlatforms) = postSolution
		{640F8623-B4FF-4AFB-87AF-0D3BF98D4B5D}.Debug|Any CPU.ActiveCfg = Debug|Any CPU
		{640F8623-B4FF-4AFB-87AF-0D3BF98D4B5D}.Debug|Any CPU.Build.0 = Debug|Any CPU
		{640F8623-B4FF-4AFB-87AF-0D3BF98D4B5D}.Release|Any CPU.ActiveCfg = Release|Any CPU
		{640F8623-B4FF-4AFB-87AF-0D3BF98D4B5D}.Release|Any CPU.Build.0 = Release|Any CPU
	EndGlobalSection
	GlobalSection(SolutionProperties) = preSolution
		HideSolutionNode = FALSE
	EndGlobalSection
	GlobalSection(ExtensibilityGlobals) = postSolution
		SolutionGuid = {F6F607D6-C457-4785-A528-8DEC941C30FF}
	EndGlobalSection
EndGlobal
