
Microsoft Visual Studio Solution File, Format Version 12.00
# Visual Studio 15
VisualStudioVersion = 15.0.28307.960
MinimumVisualStudioVersion = 10.0.40219.1
Project("{FAE04EC0-301F-11D3-BF4B-00C04F79EFBC}") = "project-test02", "project-test02\project-test02.csproj", "{D0CD5DBE-DAE3-487D-8565-991639726C85}"
EndProject
Global
	GlobalSection(SolutionConfigurationPlatforms) = preSolution
		Debug|Any CPU = Debug|Any CPU
		Release|Any CPU = Release|Any CPU
	EndGlobalSection
	GlobalSection(ProjectConfigurationPlatforms) = postSolution
		{D0CD5DBE-DAE3-487D-8565-991639726C85}.Debug|Any CPU.ActiveCfg = Debug|Any CPU
		{D0CD5DBE-DAE3-487D-8565-991639726C85}.Debug|Any CPU.Build.0 = Debug|Any CPU
		{D0CD5DBE-DAE3-487D-8565-991639726C85}.Release|Any CPU.ActiveCfg = Release|Any CPU
		{D0CD5DBE-DAE3-487D-8565-991639726C85}.Release|Any CPU.Build.0 = Release|Any CPU
	EndGlobalSection
	GlobalSection(SolutionProperties) = preSolution
		HideSolutionNode = FALSE
	EndGlobalSection
	GlobalSection(ExtensibilityGlobals) = postSolution
		SolutionGuid = {59750FF1-4C98-4544-AE65-0F2980D84157}
	EndGlobalSection
EndGlobal
