
Microsoft Visual Studio Solution File, Format Version 12.00
# Visual Studio 15
VisualStudioVersion = 15.0.28307.960
MinimumVisualStudioVersion = 10.0.40219.1
Project("{FAE04EC0-301F-11D3-BF4B-00C04F79EFBC}") = "روز ماه سال", "روز ماه سال\روز ماه سال.csproj", "{D8472ED9-F164-4266-9641-ABE6941C2E17}"
EndProject
Global
	GlobalSection(SolutionConfigurationPlatforms) = preSolution
		Debug|Any CPU = Debug|Any CPU
		Release|Any CPU = Release|Any CPU
	EndGlobalSection
	GlobalSection(ProjectConfigurationPlatforms) = postSolution
		{D8472ED9-F164-4266-9641-ABE6941C2E17}.Debug|Any CPU.ActiveCfg = Debug|Any CPU
		{D8472ED9-F164-4266-9641-ABE6941C2E17}.Debug|Any CPU.Build.0 = Debug|Any CPU
		{D8472ED9-F164-4266-9641-ABE6941C2E17}.Release|Any CPU.ActiveCfg = Release|Any CPU
		{D8472ED9-F164-4266-9641-ABE6941C2E17}.Release|Any CPU.Build.0 = Release|Any CPU
	EndGlobalSection
	GlobalSection(SolutionProperties) = preSolution
		HideSolutionNode = FALSE
	EndGlobalSection
	GlobalSection(ExtensibilityGlobals) = postSolution
		SolutionGuid = {889BABB2-4ECC-4998-AB48-10BF2EA0FC8C}
	EndGlobalSection
EndGlobal
