
Microsoft Visual Studio Solution File, Format Version 12.00
# Visual Studio 15
VisualStudioVersion = 15.0.28307.960
MinimumVisualStudioVersion = 10.0.40219.1
Project("{FAE04EC0-301F-11D3-BF4B-00C04F79EFBC}") = "3سن کاربر و روزها و ماهای عمر", "3سن کاربر و روزها و ماهای عمر\3سن کاربر و روزها و ماهای عمر.csproj", "{1942DC7F-20F5-47AD-B969-3639FE70EEFA}"
EndProject
Global
	GlobalSection(SolutionConfigurationPlatforms) = preSolution
		Debug|Any CPU = Debug|Any CPU
		Release|Any CPU = Release|Any CPU
	EndGlobalSection
	GlobalSection(ProjectConfigurationPlatforms) = postSolution
		{1942DC7F-20F5-47AD-B969-3639FE70EEFA}.Debug|Any CPU.ActiveCfg = Debug|Any CPU
		{1942DC7F-20F5-47AD-B969-3639FE70EEFA}.Debug|Any CPU.Build.0 = Debug|Any CPU
		{1942DC7F-20F5-47AD-B969-3639FE70EEFA}.Release|Any CPU.ActiveCfg = Release|Any CPU
		{1942DC7F-20F5-47AD-B969-3639FE70EEFA}.Release|Any CPU.Build.0 = Release|Any CPU
	EndGlobalSection
	GlobalSection(SolutionProperties) = preSolution
		HideSolutionNode = FALSE
	EndGlobalSection
	GlobalSection(ExtensibilityGlobals) = postSolution
		SolutionGuid = {E2672825-B23A-4C72-A9A1-30540C4DE963}
	EndGlobalSection
EndGlobal
