
Microsoft Visual Studio Solution File, Format Version 12.00
# Visual Studio 15
VisualStudioVersion = 15.0.28307.960
MinimumVisualStudioVersion = 10.0.40219.1
Project("{FAE04EC0-301F-11D3-BF4B-00C04F79EFBC}") = "حرکت فرم", "حرکت فرم\حرکت فرم.csproj", "{3B577935-4B4D-48BE-B507-45BC65765CC1}"
EndProject
Global
	GlobalSection(SolutionConfigurationPlatforms) = preSolution
		Debug|Any CPU = Debug|Any CPU
		Release|Any CPU = Release|Any CPU
	EndGlobalSection
	GlobalSection(ProjectConfigurationPlatforms) = postSolution
		{3B577935-4B4D-48BE-B507-45BC65765CC1}.Debug|Any CPU.ActiveCfg = Debug|Any CPU
		{3B577935-4B4D-48BE-B507-45BC65765CC1}.Debug|Any CPU.Build.0 = Debug|Any CPU
		{3B577935-4B4D-48BE-B507-45BC65765CC1}.Release|Any CPU.ActiveCfg = Release|Any CPU
		{3B577935-4B4D-48BE-B507-45BC65765CC1}.Release|Any CPU.Build.0 = Release|Any CPU
	EndGlobalSection
	GlobalSection(SolutionProperties) = preSolution
		HideSolutionNode = FALSE
	EndGlobalSection
	GlobalSection(ExtensibilityGlobals) = postSolution
		SolutionGuid = {49E31BD8-DA1A-4C06-ADDF-094D6A752681}
	EndGlobalSection
EndGlobal
