
Microsoft Visual Studio Solution File, Format Version 12.00
# Visual Studio 15
VisualStudioVersion = 15.0.28307.960
MinimumVisualStudioVersion = 10.0.40219.1
Project("{FAE04EC0-301F-11D3-BF4B-00C04F79EFBC}") = "27.مرتب سازی عناصر به صورت حبابی", "27.مرتب سازی عناصر به صورت حبابی\27.مرتب سازی عناصر به صورت حبابی.csproj", "{577C4954-3028-46E7-AA66-2B9C6745FAAF}"
EndProject
Global
	GlobalSection(SolutionConfigurationPlatforms) = preSolution
		Debug|Any CPU = Debug|Any CPU
		Release|Any CPU = Release|Any CPU
	EndGlobalSection
	GlobalSection(ProjectConfigurationPlatforms) = postSolution
		{577C4954-3028-46E7-AA66-2B9C6745FAAF}.Debug|Any CPU.ActiveCfg = Debug|Any CPU
		{577C4954-3028-46E7-AA66-2B9C6745FAAF}.Debug|Any CPU.Build.0 = Debug|Any CPU
		{577C4954-3028-46E7-AA66-2B9C6745FAAF}.Release|Any CPU.ActiveCfg = Release|Any CPU
		{577C4954-3028-46E7-AA66-2B9C6745FAAF}.Release|Any CPU.Build.0 = Release|Any CPU
	EndGlobalSection
	GlobalSection(SolutionProperties) = preSolution
		HideSolutionNode = FALSE
	EndGlobalSection
	GlobalSection(ExtensibilityGlobals) = postSolution
		SolutionGuid = {3E9C7E7A-C903-45CE-9B74-1448E062AA76}
	EndGlobalSection
EndGlobal
