
Microsoft Visual Studio Solution File, Format Version 12.00
# Visual Studio 15
VisualStudioVersion = 15.0.28307.960
MinimumVisualStudioVersion = 10.0.40219.1
Project("{FAE04EC0-301F-11D3-BF4B-00C04F79EFBC}") = "Alarm", "Alarm\Alarm.csproj", "{ED4C2F2E-FC32-47CA-917E-7A6E5CDBE015}"
EndProject
Global
	GlobalSection(SolutionConfigurationPlatforms) = preSolution
		Debug|Any CPU = Debug|Any CPU
		Release|Any CPU = Release|Any CPU
	EndGlobalSection
	GlobalSection(ProjectConfigurationPlatforms) = postSolution
		{ED4C2F2E-FC32-47CA-917E-7A6E5CDBE015}.Debug|Any CPU.ActiveCfg = Debug|Any CPU
		{ED4C2F2E-FC32-47CA-917E-7A6E5CDBE015}.Debug|Any CPU.Build.0 = Debug|Any CPU
		{ED4C2F2E-FC32-47CA-917E-7A6E5CDBE015}.Release|Any CPU.ActiveCfg = Release|Any CPU
		{ED4C2F2E-FC32-47CA-917E-7A6E5CDBE015}.Release|Any CPU.Build.0 = Release|Any CPU
	EndGlobalSection
	GlobalSection(SolutionProperties) = preSolution
		HideSolutionNode = FALSE
	EndGlobalSection
	GlobalSection(ExtensibilityGlobals) = postSolution
		SolutionGuid = {A9059AF4-8F64-4AB3-AD41-32D8586DD5C5}
	EndGlobalSection
EndGlobal
