
Microsoft Visual Studio Solution File, Format Version 12.00
# Visual Studio 15
VisualStudioVersion = 15.0.28307.960
MinimumVisualStudioVersion = 10.0.40219.1
Project("{FAE04EC0-301F-11D3-BF4B-00C04F79EFBC}") = "تمرینات textbox", "تمرینات textbox\تمرینات textbox.csproj", "{ED5740B2-5F3D-4DDD-9700-0BD8188E63D0}"
EndProject
Global
	GlobalSection(SolutionConfigurationPlatforms) = preSolution
		Debug|Any CPU = Debug|Any CPU
		Release|Any CPU = Release|Any CPU
	EndGlobalSection
	GlobalSection(ProjectConfigurationPlatforms) = postSolution
		{ED5740B2-5F3D-4DDD-9700-0BD8188E63D0}.Debug|Any CPU.ActiveCfg = Debug|Any CPU
		{ED5740B2-5F3D-4DDD-9700-0BD8188E63D0}.Debug|Any CPU.Build.0 = Debug|Any CPU
		{ED5740B2-5F3D-4DDD-9700-0BD8188E63D0}.Release|Any CPU.ActiveCfg = Release|Any CPU
		{ED5740B2-5F3D-4DDD-9700-0BD8188E63D0}.Release|Any CPU.Build.0 = Release|Any CPU
	EndGlobalSection
	GlobalSection(SolutionProperties) = preSolution
		HideSolutionNode = FALSE
	EndGlobalSection
	GlobalSection(ExtensibilityGlobals) = postSolution
		SolutionGuid = {A01926BB-0102-46E3-9F2C-DC9DB66B0C19}
	EndGlobalSection
EndGlobal
