
Microsoft Visual Studio Solution File, Format Version 12.00
# Visual Studio 15
VisualStudioVersion = 15.0.28307.960
MinimumVisualStudioVersion = 10.0.40219.1
Project("{FAE04EC0-301F-11D3-BF4B-00C04F79EFBC}") = "6نمایش یکان و دهگان و صدگان", "6نمایش یکان و دهگان و صدگان\6نمایش یکان و دهگان و صدگان.csproj", "{5137CF46-670B-4497-8729-26C1F7FE4388}"
EndProject
Global
	GlobalSection(SolutionConfigurationPlatforms) = preSolution
		Debug|Any CPU = Debug|Any CPU
		Release|Any CPU = Release|Any CPU
	EndGlobalSection
	GlobalSection(ProjectConfigurationPlatforms) = postSolution
		{5137CF46-670B-4497-8729-26C1F7FE4388}.Debug|Any CPU.ActiveCfg = Debug|Any CPU
		{5137CF46-670B-4497-8729-26C1F7FE4388}.Debug|Any CPU.Build.0 = Debug|Any CPU
		{5137CF46-670B-4497-8729-26C1F7FE4388}.Release|Any CPU.ActiveCfg = Release|Any CPU
		{5137CF46-670B-4497-8729-26C1F7FE4388}.Release|Any CPU.Build.0 = Release|Any CPU
	EndGlobalSection
	GlobalSection(SolutionProperties) = preSolution
		HideSolutionNode = FALSE
	EndGlobalSection
	GlobalSection(ExtensibilityGlobals) = postSolution
		SolutionGuid = {62EDD8D3-14A3-492D-8C24-7261993D13F7}
	EndGlobalSection
EndGlobal
