
Microsoft Visual Studio Solution File, Format Version 12.00
# Visual Studio 15
VisualStudioVersion = 15.0.28307.960
MinimumVisualStudioVersion = 10.0.40219.1
Project("{FAE04EC0-301F-11D3-BF4B-00C04F79EFBC}") = "رنگین کمان", "رنگین کمان\رنگین کمان.csproj", "{6CE2BA12-EA23-4DB1-9EFB-A7C5C46BB8C9}"
EndProject
Global
	GlobalSection(SolutionConfigurationPlatforms) = preSolution
		Debug|Any CPU = Debug|Any CPU
		Release|Any CPU = Release|Any CPU
	EndGlobalSection
	GlobalSection(ProjectConfigurationPlatforms) = postSolution
		{6CE2BA12-EA23-4DB1-9EFB-A7C5C46BB8C9}.Debug|Any CPU.ActiveCfg = Debug|Any CPU
		{6CE2BA12-EA23-4DB1-9EFB-A7C5C46BB8C9}.Debug|Any CPU.Build.0 = Debug|Any CPU
		{6CE2BA12-EA23-4DB1-9EFB-A7C5C46BB8C9}.Release|Any CPU.ActiveCfg = Release|Any CPU
		{6CE2BA12-EA23-4DB1-9EFB-A7C5C46BB8C9}.Release|Any CPU.Build.0 = Release|Any CPU
	EndGlobalSection
	GlobalSection(SolutionProperties) = preSolution
		HideSolutionNode = FALSE
	EndGlobalSection
	GlobalSection(ExtensibilityGlobals) = postSolution
		SolutionGuid = {38EEA973-B802-4A6D-94FA-47D3FAF5A1BA}
	EndGlobalSection
EndGlobal
