
Microsoft Visual Studio Solution File, Format Version 12.00
# Visual Studio 15
VisualStudioVersion = 15.0.28307.960
MinimumVisualStudioVersion = 10.0.40219.1
Project("{FAE04EC0-301F-11D3-BF4B-00C04F79EFBC}") = "36.محاسبه جمع عدد دریافتی تا عددبا متد", "36.محاسبه جمع عدد دریافتی تا عددبا متد\36.محاسبه جمع عدد دریافتی تا عددبا متد.csproj", "{F9BF0BE6-9A81-4D8B-B1A8-0194336F1FCC}"
EndProject
Global
	GlobalSection(SolutionConfigurationPlatforms) = preSolution
		Debug|Any CPU = Debug|Any CPU
		Release|Any CPU = Release|Any CPU
	EndGlobalSection
	GlobalSection(ProjectConfigurationPlatforms) = postSolution
		{F9BF0BE6-9A81-4D8B-B1A8-0194336F1FCC}.Debug|Any CPU.ActiveCfg = Debug|Any CPU
		{F9BF0BE6-9A81-4D8B-B1A8-0194336F1FCC}.Debug|Any CPU.Build.0 = Debug|Any CPU
		{F9BF0BE6-9A81-4D8B-B1A8-0194336F1FCC}.Release|Any CPU.ActiveCfg = Release|Any CPU
		{F9BF0BE6-9A81-4D8B-B1A8-0194336F1FCC}.Release|Any CPU.Build.0 = Release|Any CPU
	EndGlobalSection
	GlobalSection(SolutionProperties) = preSolution
		HideSolutionNode = FALSE
	EndGlobalSection
	GlobalSection(ExtensibilityGlobals) = postSolution
		SolutionGuid = {7B24ACCF-16FC-4A4C-BD33-71F8CE2EEF4B}
	EndGlobalSection
EndGlobal
