
Microsoft Visual Studio Solution File, Format Version 12.00
# Visual Studio 15
VisualStudioVersion = 15.0.28307.960
MinimumVisualStudioVersion = 10.0.40219.1
Project("{FAE04EC0-301F-11D3-BF4B-00C04F79EFBC}") = "4سال کبیسه", "4سال کبیسه\4سال کبیسه.csproj", "{BAB15422-6171-42BC-AD7F-CD2CE809DC4E}"
EndProject
Global
	GlobalSection(SolutionConfigurationPlatforms) = preSolution
		Debug|Any CPU = Debug|Any CPU
		Release|Any CPU = Release|Any CPU
	EndGlobalSection
	GlobalSection(ProjectConfigurationPlatforms) = postSolution
		{BAB15422-6171-42BC-AD7F-CD2CE809DC4E}.Debug|Any CPU.ActiveCfg = Debug|Any CPU
		{BAB15422-6171-42BC-AD7F-CD2CE809DC4E}.Debug|Any CPU.Build.0 = Debug|Any CPU
		{BAB15422-6171-42BC-AD7F-CD2CE809DC4E}.Release|Any CPU.ActiveCfg = Release|Any CPU
		{BAB15422-6171-42BC-AD7F-CD2CE809DC4E}.Release|Any CPU.Build.0 = Release|Any CPU
	EndGlobalSection
	GlobalSection(SolutionProperties) = preSolution
		HideSolutionNode = FALSE
	EndGlobalSection
	GlobalSection(ExtensibilityGlobals) = postSolution
		SolutionGuid = {E8628A02-79A2-4F6E-978B-BAA35FB67429}
	EndGlobalSection
EndGlobal
