
Microsoft Visual Studio Solution File, Format Version 12.00
# Visual Studio 15
VisualStudioVersion = 15.0.28307.960
MinimumVisualStudioVersion = 10.0.40219.1
Project("{FAE04EC0-301F-11D3-BF4B-00C04F79EFBC}") = "مثال منو2", "مثال منو2\مثال منو2.csproj", "{6C6E9EA8-E54B-4C99-8815-168F73E74956}"
EndProject
Global
	GlobalSection(SolutionConfigurationPlatforms) = preSolution
		Debug|Any CPU = Debug|Any CPU
		Release|Any CPU = Release|Any CPU
	EndGlobalSection
	GlobalSection(ProjectConfigurationPlatforms) = postSolution
		{6C6E9EA8-E54B-4C99-8815-168F73E74956}.Debug|Any CPU.ActiveCfg = Debug|Any CPU
		{6C6E9EA8-E54B-4C99-8815-168F73E74956}.Debug|Any CPU.Build.0 = Debug|Any CPU
		{6C6E9EA8-E54B-4C99-8815-168F73E74956}.Release|Any CPU.ActiveCfg = Release|Any CPU
		{6C6E9EA8-E54B-4C99-8815-168F73E74956}.Release|Any CPU.Build.0 = Release|Any CPU
	EndGlobalSection
	GlobalSection(SolutionProperties) = preSolution
		HideSolutionNode = FALSE
	EndGlobalSection
	GlobalSection(ExtensibilityGlobals) = postSolution
		SolutionGuid = {FD54919A-D9CB-4DCA-91FB-5B075ECE64D7}
	EndGlobalSection
EndGlobal
