
Microsoft Visual Studio Solution File, Format Version 12.00
# Visual Studio 15
VisualStudioVersion = 15.0.28307.960
MinimumVisualStudioVersion = 10.0.40219.1
Project("{FAE04EC0-301F-11D3-BF4B-00C04F79EFBC}") = "تبدیل عدد سه رقمی به حروف", "تبدیل عدد سه رقمی به حروف\تبدیل عدد سه رقمی به حروف.csproj", "{918320EC-6D18-4C64-862D-C0793F44C471}"
EndProject
Global
	GlobalSection(SolutionConfigurationPlatforms) = preSolution
		Debug|Any CPU = Debug|Any CPU
		Release|Any CPU = Release|Any CPU
	EndGlobalSection
	GlobalSection(ProjectConfigurationPlatforms) = postSolution
		{918320EC-6D18-4C64-862D-C0793F44C471}.Debug|Any CPU.ActiveCfg = Debug|Any CPU
		{918320EC-6D18-4C64-862D-C0793F44C471}.Debug|Any CPU.Build.0 = Debug|Any CPU
		{918320EC-6D18-4C64-862D-C0793F44C471}.Release|Any CPU.ActiveCfg = Release|Any CPU
		{918320EC-6D18-4C64-862D-C0793F44C471}.Release|Any CPU.Build.0 = Release|Any CPU
	EndGlobalSection
	GlobalSection(SolutionProperties) = preSolution
		HideSolutionNode = FALSE
	EndGlobalSection
	GlobalSection(ExtensibilityGlobals) = postSolution
		SolutionGuid = {38871976-A4A2-4CBD-B357-84B04374EB98}
	EndGlobalSection
EndGlobal
