
Microsoft Visual Studio Solution File, Format Version 12.00
# Visual Studio 15
VisualStudioVersion = 15.0.28307.960
MinimumVisualStudioVersion = 10.0.40219.1
Project("{FAE04EC0-301F-11D3-BF4B-00C04F79EFBC}") = "NumberClass", "NumberClass\NumberClass.csproj", "{8F1B997D-B94C-43E3-8F9F-6524CE851C2A}"
EndProject
Global
	GlobalSection(SolutionConfigurationPlatforms) = preSolution
		Debug|Any CPU = Debug|Any CPU
		Release|Any CPU = Release|Any CPU
	EndGlobalSection
	GlobalSection(ProjectConfigurationPlatforms) = postSolution
		{8F1B997D-B94C-43E3-8F9F-6524CE851C2A}.Debug|Any CPU.ActiveCfg = Debug|Any CPU
		{8F1B997D-B94C-43E3-8F9F-6524CE851C2A}.Debug|Any CPU.Build.0 = Debug|Any CPU
		{8F1B997D-B94C-43E3-8F9F-6524CE851C2A}.Release|Any CPU.ActiveCfg = Release|Any CPU
		{8F1B997D-B94C-43E3-8F9F-6524CE851C2A}.Release|Any CPU.Build.0 = Release|Any CPU
	EndGlobalSection
	GlobalSection(SolutionProperties) = preSolution
		HideSolutionNode = FALSE
	EndGlobalSection
	GlobalSection(ExtensibilityGlobals) = postSolution
		SolutionGuid = {0BB0527D-382A-47F9-86D9-3A4934B57B00}
	EndGlobalSection
EndGlobal
