
Microsoft Visual Studio Solution File, Format Version 12.00
# Visual Studio 15
VisualStudioVersion = 15.0.28307.960
MinimumVisualStudioVersion = 10.0.40219.1
Project("{FAE04EC0-301F-11D3-BF4B-00C04F79EFBC}") = "41.class numberشی گرایی", "41.class numberشی گرایی\41.class numberشی گرایی.csproj", "{FE019F64-F12E-49CA-BEF3-E8F3FC2BB795}"
EndProject
Global
	GlobalSection(SolutionConfigurationPlatforms) = preSolution
		Debug|Any CPU = Debug|Any CPU
		Release|Any CPU = Release|Any CPU
	EndGlobalSection
	GlobalSection(ProjectConfigurationPlatforms) = postSolution
		{FE019F64-F12E-49CA-BEF3-E8F3FC2BB795}.Debug|Any CPU.ActiveCfg = Debug|Any CPU
		{FE019F64-F12E-49CA-BEF3-E8F3FC2BB795}.Debug|Any CPU.Build.0 = Debug|Any CPU
		{FE019F64-F12E-49CA-BEF3-E8F3FC2BB795}.Release|Any CPU.ActiveCfg = Release|Any CPU
		{FE019F64-F12E-49CA-BEF3-E8F3FC2BB795}.Release|Any CPU.Build.0 = Release|Any CPU
	EndGlobalSection
	GlobalSection(SolutionProperties) = preSolution
		HideSolutionNode = FALSE
	EndGlobalSection
	GlobalSection(ExtensibilityGlobals) = postSolution
		SolutionGuid = {CDBA2609-0CFB-4B72-AB85-9CE5133A50F5}
	EndGlobalSection
EndGlobal
