
Microsoft Visual Studio Solution File, Format Version 12.00
# Visual Studio 15
VisualStudioVersion = 15.0.28307.960
MinimumVisualStudioVersion = 10.0.40219.1
Project("{FAE04EC0-301F-11D3-BF4B-00C04F79EFBC}") = "حرکت فرم و برگشت ان 2", "حرکت فرم و برگشت ان 2\حرکت فرم و برگشت ان 2.csproj", "{AAAEA1AB-C896-492E-93FE-E38ACC49D121}"
EndProject
Global
	GlobalSection(SolutionConfigurationPlatforms) = preSolution
		Debug|Any CPU = Debug|Any CPU
		Release|Any CPU = Release|Any CPU
	EndGlobalSection
	GlobalSection(ProjectConfigurationPlatforms) = postSolution
		{AAAEA1AB-C896-492E-93FE-E38ACC49D121}.Debug|Any CPU.ActiveCfg = Debug|Any CPU
		{AAAEA1AB-C896-492E-93FE-E38ACC49D121}.Debug|Any CPU.Build.0 = Debug|Any CPU
		{AAAEA1AB-C896-492E-93FE-E38ACC49D121}.Release|Any CPU.ActiveCfg = Release|Any CPU
		{AAAEA1AB-C896-492E-93FE-E38ACC49D121}.Release|Any CPU.Build.0 = Release|Any CPU
	EndGlobalSection
	GlobalSection(SolutionProperties) = preSolution
		HideSolutionNode = FALSE
	EndGlobalSection
	GlobalSection(ExtensibilityGlobals) = postSolution
		SolutionGuid = {8E2CDA4B-2325-494E-BB72-D2375438EF23}
	EndGlobalSection
EndGlobal
