
Microsoft Visual Studio Solution File, Format Version 12.00
# Visual Studio 15
VisualStudioVersion = 15.0.28307.960
MinimumVisualStudioVersion = 10.0.40219.1
Project("{FAE04EC0-301F-11D3-BF4B-00C04F79EFBC}") = "listbox", "listbox\listbox.csproj", "{239AD848-0F66-4310-8CEF-A6DF8F6819C3}"
EndProject
Global
	GlobalSection(SolutionConfigurationPlatforms) = preSolution
		Debug|Any CPU = Debug|Any CPU
		Release|Any CPU = Release|Any CPU
	EndGlobalSection
	GlobalSection(ProjectConfigurationPlatforms) = postSolution
		{239AD848-0F66-4310-8CEF-A6DF8F6819C3}.Debug|Any CPU.ActiveCfg = Debug|Any CPU
		{239AD848-0F66-4310-8CEF-A6DF8F6819C3}.Debug|Any CPU.Build.0 = Debug|Any CPU
		{239AD848-0F66-4310-8CEF-A6DF8F6819C3}.Release|Any CPU.ActiveCfg = Release|Any CPU
		{239AD848-0F66-4310-8CEF-A6DF8F6819C3}.Release|Any CPU.Build.0 = Release|Any CPU
	EndGlobalSection
	GlobalSection(SolutionProperties) = preSolution
		HideSolutionNode = FALSE
	EndGlobalSection
	GlobalSection(ExtensibilityGlobals) = postSolution
		SolutionGuid = {F91C4FDF-36EB-4C2D-8339-49167B72890B}
	EndGlobalSection
EndGlobal
