
Microsoft Visual Studio Solution File, Format Version 12.00
# Visual Studio 15
VisualStudioVersion = 15.0.28307.960
MinimumVisualStudioVersion = 10.0.40219.1
Project("{FAE04EC0-301F-11D3-BF4B-00C04F79EFBC}") = "11دریافت عدد دورقمی و نمایش به حروف", "11دریافت عدد دورقمی و نمایش به حروف\11دریافت عدد دورقمی و نمایش به حروف.csproj", "{945BDEC1-D68A-4703-BC44-D9292CE8CDF1}"
EndProject
Global
	GlobalSection(SolutionConfigurationPlatforms) = preSolution
		Debug|Any CPU = Debug|Any CPU
		Release|Any CPU = Release|Any CPU
	EndGlobalSection
	GlobalSection(ProjectConfigurationPlatforms) = postSolution
		{945BDEC1-D68A-4703-BC44-D9292CE8CDF1}.Debug|Any CPU.ActiveCfg = Debug|Any CPU
		{945BDEC1-D68A-4703-BC44-D9292CE8CDF1}.Debug|Any CPU.Build.0 = Debug|Any CPU
		{945BDEC1-D68A-4703-BC44-D9292CE8CDF1}.Release|Any CPU.ActiveCfg = Release|Any CPU
		{945BDEC1-D68A-4703-BC44-D9292CE8CDF1}.Release|Any CPU.Build.0 = Release|Any CPU
	EndGlobalSection
	GlobalSection(SolutionProperties) = preSolution
		HideSolutionNode = FALSE
	EndGlobalSection
	GlobalSection(ExtensibilityGlobals) = postSolution
		SolutionGuid = {522A5197-31C1-4DE7-9CE3-1B66450F9D7B}
	EndGlobalSection
EndGlobal
