
Microsoft Visual Studio Solution File, Format Version 12.00
# Visual Studio 15
VisualStudioVersion = 15.0.28307.960
MinimumVisualStudioVersion = 10.0.40219.1
Project("{FAE04EC0-301F-11D3-BF4B-00C04F79EFBC}") = "Static Members", "Static Members\Static Members.csproj", "{5C3EA7A5-4330-49E4-BD1A-0BF9F3B85167}"
EndProject
Global
	GlobalSection(SolutionConfigurationPlatforms) = preSolution
		Debug|Any CPU = Debug|Any CPU
		Release|Any CPU = Release|Any CPU
	EndGlobalSection
	GlobalSection(ProjectConfigurationPlatforms) = postSolution
		{5C3EA7A5-4330-49E4-BD1A-0BF9F3B85167}.Debug|Any CPU.ActiveCfg = Debug|Any CPU
		{5C3EA7A5-4330-49E4-BD1A-0BF9F3B85167}.Debug|Any CPU.Build.0 = Debug|Any CPU
		{5C3EA7A5-4330-49E4-BD1A-0BF9F3B85167}.Release|Any CPU.ActiveCfg = Release|Any CPU
		{5C3EA7A5-4330-49E4-BD1A-0BF9F3B85167}.Release|Any CPU.Build.0 = Release|Any CPU
	EndGlobalSection
	GlobalSection(SolutionProperties) = preSolution
		HideSolutionNode = FALSE
	EndGlobalSection
	GlobalSection(ExtensibilityGlobals) = postSolution
		SolutionGuid = {EA51A260-1693-4615-B302-B9F28899B325}
	EndGlobalSection
EndGlobal
