
Microsoft Visual Studio Solution File, Format Version 12.00
# Visual Studio 15
VisualStudioVersion = 15.0.28307.960
MinimumVisualStudioVersion = 10.0.40219.1
Project("{FAE04EC0-301F-11D3-BF4B-00C04F79EFBC}") = "اشنایی با رویداد ها", "اشنایی با رویداد ها\اشنایی با رویداد ها.csproj", "{8424459B-EF6E-4EC8-92CB-85090942B520}"
EndProject
Global
	GlobalSection(SolutionConfigurationPlatforms) = preSolution
		Debug|Any CPU = Debug|Any CPU
		Release|Any CPU = Release|Any CPU
	EndGlobalSection
	GlobalSection(ProjectConfigurationPlatforms) = postSolution
		{8424459B-EF6E-4EC8-92CB-85090942B520}.Debug|Any CPU.ActiveCfg = Debug|Any CPU
		{8424459B-EF6E-4EC8-92CB-85090942B520}.Debug|Any CPU.Build.0 = Debug|Any CPU
		{8424459B-EF6E-4EC8-92CB-85090942B520}.Release|Any CPU.ActiveCfg = Release|Any CPU
		{8424459B-EF6E-4EC8-92CB-85090942B520}.Release|Any CPU.Build.0 = Release|Any CPU
	EndGlobalSection
	GlobalSection(SolutionProperties) = preSolution
		HideSolutionNode = FALSE
	EndGlobalSection
	GlobalSection(ExtensibilityGlobals) = postSolution
		SolutionGuid = {8FA30E5D-956A-4967-96BB-4E5152041E4C}
	EndGlobalSection
EndGlobal
