
Microsoft Visual Studio Solution File, Format Version 12.00
# Visual Studio 15
VisualStudioVersion = 15.0.28307.960
MinimumVisualStudioVersion = 10.0.40219.1
Project("{FAE04EC0-301F-11D3-BF4B-00C04F79EFBC}") = "42.class person", "42.class person\42.class person.csproj", "{EFCA2AC6-E2CB-4FCC-9AD0-48D188DDAEF4}"
EndProject
Global
	GlobalSection(SolutionConfigurationPlatforms) = preSolution
		Debug|Any CPU = Debug|Any CPU
		Release|Any CPU = Release|Any CPU
	EndGlobalSection
	GlobalSection(ProjectConfigurationPlatforms) = postSolution
		{EFCA2AC6-E2CB-4FCC-9AD0-48D188DDAEF4}.Debug|Any CPU.ActiveCfg = Debug|Any CPU
		{EFCA2AC6-E2CB-4FCC-9AD0-48D188DDAEF4}.Debug|Any CPU.Build.0 = Debug|Any CPU
		{EFCA2AC6-E2CB-4FCC-9AD0-48D188DDAEF4}.Release|Any CPU.ActiveCfg = Release|Any CPU
		{EFCA2AC6-E2CB-4FCC-9AD0-48D188DDAEF4}.Release|Any CPU.Build.0 = Release|Any CPU
	EndGlobalSection
	GlobalSection(SolutionProperties) = preSolution
		HideSolutionNode = FALSE
	EndGlobalSection
	GlobalSection(ExtensibilityGlobals) = postSolution
		SolutionGuid = {7E2D6BB3-BF20-4310-BC87-CAF831F3A7EC}
	EndGlobalSection
EndGlobal
