
Microsoft Visual Studio Solution File, Format Version 12.00
# Visual Studio 15
VisualStudioVersion = 15.0.28307.960
MinimumVisualStudioVersion = 10.0.40219.1
Project("{FAE04EC0-301F-11D3-BF4B-00C04F79EFBC}") = "پروژه بازی فکری", "پروژه بازی فکری\پروژه بازی فکری.csproj", "{34B1D6C9-3124-4E50-BF74-4045C87B12D9}"
EndProject
Global
	GlobalSection(SolutionConfigurationPlatforms) = preSolution
		Debug|Any CPU = Debug|Any CPU
		Release|Any CPU = Release|Any CPU
	EndGlobalSection
	GlobalSection(ProjectConfigurationPlatforms) = postSolution
		{34B1D6C9-3124-4E50-BF74-4045C87B12D9}.Debug|Any CPU.ActiveCfg = Debug|Any CPU
		{34B1D6C9-3124-4E50-BF74-4045C87B12D9}.Debug|Any CPU.Build.0 = Debug|Any CPU
		{34B1D6C9-3124-4E50-BF74-4045C87B12D9}.Release|Any CPU.ActiveCfg = Release|Any CPU
		{34B1D6C9-3124-4E50-BF74-4045C87B12D9}.Release|Any CPU.Build.0 = Release|Any CPU
	EndGlobalSection
	GlobalSection(SolutionProperties) = preSolution
		HideSolutionNode = FALSE
	EndGlobalSection
	GlobalSection(ExtensibilityGlobals) = postSolution
		SolutionGuid = {2A453D44-050D-4B15-AC69-56FE8935C49C}
	EndGlobalSection
EndGlobal
